
Microsoft Visual Studio Solution File, Format Version 12.00
# Visual Studio Version 16
VisualStudioVersion = 16.0.34601.136
MinimumVisualStudioVersion = 10.0.40219.1
Project("{8BC9CEB8-8B4A-11D0-8D11-00A0C91BC942}") = "SDL_TestConsole", "SDL_TestConsole.vcxproj", "{E526EAC6-9825-4908-848C-7E658378B837}"
EndProject
Global
	GlobalSection(SolutionConfigurationPlatforms) = preSolution
		Debug|x64 = Debug|x64
		Release|x64 = Release|x64
	EndGlobalSection
	GlobalSection(ProjectConfigurationPlatforms) = postSolution
		{E526EAC6-9825-4908-848C-7E658378B837}.Debug|x64.ActiveCfg = Debug|x64
		{E526EAC6-9825-4908-848C-7E658378B837}.Debug|x64.Build.0 = Debug|x64
		{E526EAC6-9825-4908-848C-7E658378B837}.Release|x64.ActiveCfg = Release|x64
		{E526EAC6-9825-4908-848C-7E658378B837}.Release|x64.Build.0 = Release|x64
	EndGlobalSection
	GlobalSection(SolutionProperties) = preSolution
		HideSolutionNode = FALSE
	EndGlobalSection
	GlobalSection(ExtensibilityGlobals) = postSolution
		SolutionGuid = {E1A2889F-BDC8-4C78-8052-DF231E3E5FA9}
	EndGlobalSection
EndGlobal
